# This file is automatically @generated by Cargo.
# It is not intended for manual editing.
version = 3

[[package]]
name = "android_system_properties"
version = "0.1.5"
source = "registry+https://github.com/rust-lang/crates.io-index"
checksum = "819e7219dbd41043ac279b19830f2efc897156490d7fd6ea916720117ee66311"
dependencies = [
 "libc",
]

[[package]]
name = "anyhow"
version = "1.0.58"
source = "registry+https://github.com/rust-lang/crates.io-index"
checksum = "bb07d2053ccdbe10e2af2995a2f116c1330396493dc1269f6a91d0ae82e19704"

[[package]]
name = "arc-swap"
version = "1.5.0"
source = "registry+https://github.com/rust-lang/crates.io-index"
checksum = "c5d78ce20460b82d3fa150275ed9d55e21064fc7951177baacf86a145c4a4b1f"

[[package]]
name = "autocfg"
version = "1.1.0"
source = "registry+https://github.com/rust-lang/crates.io-index"
checksum = "d468802bab17cbc0cc575e9b053f41e72aa36bfa6b7f55e3529ffa43161b97fa"

[[package]]
name = "bitflags"
version = "1.3.2"
source = "registry+https://github.com/rust-lang/crates.io-index"
checksum = "bef38d45163c2f1dde094a7dfd33ccf595c92905c8f8f4fdc18d06fb1037718a"

[[package]]
name = "bumpalo"
version = "3.10.0"
source = "registry+https://github.com/rust-lang/crates.io-index"
checksum = "37ccbd214614c6783386c1af30caf03192f17891059cecc394b4fb119e363de3"

[[package]]
name = "byteorder"
version = "1.4.3"
source = "registry+https://github.com/rust-lang/crates.io-index"
checksum = "14c189c53d098945499cdfa7ecc63567cf3886b3332b312a5b4585d8d3a6a610"

[[package]]
name = "cfg-if"
version = "1.0.0"
source = "registry+https://github.com/rust-lang/crates.io-index"
checksum = "baf1de4339761588bc0619e3cbc0120ee582ebb74b53b4efbf79117bd2da40fd"

[[package]]
name = "chrono"
version = "0.4.22"
source = "registry+https://github.com/rust-lang/crates.io-index"
checksum = "bfd4d1b31faaa3a89d7934dbded3111da0d2ef28e3ebccdb4f0179f5929d1ef1"
dependencies = [
 "iana-time-zone",
 "js-sys",
 "num-integer",
 "num-traits",
 "serde",
 "time",
 "wasm-bindgen",
 "winapi",
]

[[package]]
name = "core-foundation-sys"
version = "0.8.3"
source = "registry+https://github.com/rust-lang/crates.io-index"
checksum = "5827cebf4670468b8772dd191856768aedcb1b0278a04f989f7766351917b9dc"

[[package]]
name = "darling"
version = "0.13.4"
source = "registry+https://github.com/rust-lang/crates.io-index"
checksum = "a01d95850c592940db9b8194bc39f4bc0e89dee5c4265e4b1807c34a9aba453c"
dependencies = [
 "darling_core",
 "darling_macro",
]

[[package]]
name = "darling_core"
version = "0.13.4"
source = "registry+https://github.com/rust-lang/crates.io-index"
checksum = "859d65a907b6852c9361e3185c862aae7fafd2887876799fa55f5f99dc40d610"
dependencies = [
 "fnv",
 "ident_case",
 "proc-macro2",
 "quote",
 "strsim",
 "syn",
]

[[package]]
name = "darling_macro"
version = "0.13.4"
source = "registry+https://github.com/rust-lang/crates.io-index"
checksum = "9c972679f83bdf9c42bd905396b6c3588a843a17f0f16dfcfa3e2c5d57441835"
dependencies = [
 "darling_core",
 "quote",
 "syn",
]

[[package]]
name = "derivative"
version = "2.2.0"
source = "registry+https://github.com/rust-lang/crates.io-index"
checksum = "fcc3dd5e9e9c0b295d6e1e4d811fb6f157d5ffd784b8d202fc62eac8035a770b"
dependencies = [
 "proc-macro2",
 "quote",
 "syn",
]

[[package]]
name = "fnv"
version = "1.0.7"
source = "registry+https://github.com/rust-lang/crates.io-index"
checksum = "3f9eec918d3f24069decb9af1554cad7c880e2da24a9afd88aca000531ab82c1"

[[package]]
name = "geger"
version = "0.1.0"
dependencies = [
 "log",
 "log4rs",
 "rmp",
 "rmp-serde",
 "serde",
 "serde-value 0.6.0",
 "serde-value-utils",
 "serde_gelf",
 "serde_json",
 "serde_qs",
 "serde_with",
 "serde_yaml",
]

[[package]]
name = "hashbrown"
version = "0.12.3"
source = "registry+https://github.com/rust-lang/crates.io-index"
checksum = "8a9ee70c43aaf417c914396645a0fa852624801b24ebb7ae78fe8272889ac888"

[[package]]
name = "hostname"
version = "0.1.5"
source = "registry+https://github.com/rust-lang/crates.io-index"
checksum = "21ceb46a83a85e824ef93669c8b390009623863b5c195d1ba747292c0c72f94e"
dependencies = [
 "libc",
 "winutil",
]

[[package]]
name = "humantime"
version = "2.1.0"
source = "registry+https://github.com/rust-lang/crates.io-index"
checksum = "9a3a5bfb195931eeb336b2a7b4d761daec841b97f947d34394601737a7bba5e4"

[[package]]
name = "iana-time-zone"
version = "0.1.47"
source = "registry+https://github.com/rust-lang/crates.io-index"
checksum = "4c495f162af0bf17656d0014a0eded5f3cd2f365fdd204548c2869db89359dc7"
dependencies = [
 "android_system_properties",
 "core-foundation-sys",
 "js-sys",
 "once_cell",
 "wasm-bindgen",
 "winapi",
]

[[package]]
name = "ident_case"
version = "1.0.1"
source = "registry+https://github.com/rust-lang/crates.io-index"
checksum = "b9e0384b61958566e926dc50660321d12159025e767c18e043daf26b70104c39"

[[package]]
name = "indexmap"
version = "1.9.1"
source = "registry+https://github.com/rust-lang/crates.io-index"
checksum = "10a35a97730320ffe8e2d410b5d3b69279b98d2c14bdb8b70ea89ecf7888d41e"
dependencies = [
 "autocfg",
 "hashbrown",
]

[[package]]
name = "itoa"
version = "1.0.3"
source = "registry+https://github.com/rust-lang/crates.io-index"
checksum = "6c8af84674fe1f223a982c933a0ee1086ac4d4052aa0fb8060c12c6ad838e754"

[[package]]
name = "js-sys"
version = "0.3.59"
source = "registry+https://github.com/rust-lang/crates.io-index"
checksum = "258451ab10b34f8af53416d1fdab72c22e805f0c92a1136d59470ec0b11138b2"
dependencies = [
 "wasm-bindgen",
]

[[package]]
name = "libc"
version = "0.2.132"
source = "registry+https://github.com/rust-lang/crates.io-index"
checksum = "8371e4e5341c3a96db127eb2465ac681ced4c433e01dd0e938adbef26ba93ba5"

[[package]]
name = "linked-hash-map"
version = "0.5.6"
source = "registry+https://github.com/rust-lang/crates.io-index"
checksum = "0717cef1bc8b636c6e1c1bbdefc09e6322da8a9321966e8928ef80d20f7f770f"

[[package]]
name = "lock_api"
version = "0.4.7"
source = "registry+https://github.com/rust-lang/crates.io-index"
checksum = "327fa5b6a6940e4699ec49a9beae1ea4845c6bab9314e4f84ac68742139d8c53"
dependencies = [
 "autocfg",
 "scopeguard",
]

[[package]]
name = "log"
version = "0.4.17"
source = "registry+https://github.com/rust-lang/crates.io-index"
checksum = "abb12e687cfb44aa40f41fc3978ef76448f9b6038cad6aef4259d3c095a2382e"
dependencies = [
 "cfg-if",
 "serde",
]

[[package]]
name = "log-mdc"
version = "0.1.0"
source = "registry+https://github.com/rust-lang/crates.io-index"
checksum = "a94d21414c1f4a51209ad204c1776a3d0765002c76c6abcb602a6f09f1e881c7"

[[package]]
name = "log4rs"
version = "1.1.1"
source = "registry+https://github.com/rust-lang/crates.io-index"
checksum = "893eaf59f4bef8e2e94302adf56385db445a0306b9823582b0b8d5a06d8822f3"
dependencies = [
 "anyhow",
 "arc-swap",
 "chrono",
 "derivative",
 "fnv",
 "humantime",
 "libc",
 "log",
 "log-mdc",
 "parking_lot",
 "serde",
 "serde-value 0.7.0",
 "serde_json",
 "serde_yaml",
 "thiserror",
 "thread-id",
 "typemap",
 "winapi",
]

[[package]]
name = "num-integer"
version = "0.1.45"
source = "registry+https://github.com/rust-lang/crates.io-index"
checksum = "225d3389fb3509a24c93f5c29eb6bde2586b98d9f016636dff58d7c6f7569cd9"
dependencies = [
 "autocfg",
 "num-traits",
]

[[package]]
name = "num-traits"
version = "0.2.15"
source = "registry+https://github.com/rust-lang/crates.io-index"
checksum = "578ede34cf02f8924ab9447f50c28075b4d3e5b269972345e7e0372b38c6cdcd"
dependencies = [
 "autocfg",
]

[[package]]
name = "once_cell"
version = "1.13.1"
source = "registry+https://github.com/rust-lang/crates.io-index"
checksum = "074864da206b4973b84eb91683020dbefd6a8c3f0f38e054d93954e891935e4e"

[[package]]
name = "ordered-float"
version = "1.1.1"
source = "registry+https://github.com/rust-lang/crates.io-index"
checksum = "3305af35278dd29f46fcdd139e0b1fbfae2153f0e5928b39b035542dd31e37b7"
dependencies = [
 "num-traits",
]

[[package]]
name = "ordered-float"
version = "2.10.0"
source = "registry+https://github.com/rust-lang/crates.io-index"
checksum = "7940cf2ca942593318d07fcf2596cdca60a85c9e7fab408a5e21a4f9dcd40d87"
dependencies = [
 "num-traits",
]

[[package]]
name = "parking_lot"
version = "0.12.1"
source = "registry+https://github.com/rust-lang/crates.io-index"
checksum = "3742b2c103b9f06bc9fff0a37ff4912935851bee6d36f3c02bcc755bcfec228f"
dependencies = [
 "lock_api",
 "parking_lot_core",
]

[[package]]
name = "parking_lot_core"
version = "0.9.3"
source = "registry+https://github.com/rust-lang/crates.io-index"
checksum = "09a279cbf25cb0757810394fbc1e359949b59e348145c643a939a525692e6929"
dependencies = [
 "cfg-if",
 "libc",
 "redox_syscall",
 "smallvec",
 "windows-sys",
]

[[package]]
name = "paste"
version = "1.0.7"
source = "registry+https://github.com/rust-lang/crates.io-index"
checksum = "0c520e05135d6e763148b6426a837e239041653ba7becd2e538c076c738025fc"

[[package]]
name = "percent-encoding"
version = "2.1.0"
source = "registry+https://github.com/rust-lang/crates.io-index"
checksum = "d4fd5641d01c8f18a23da7b6fe29298ff4b55afcccdf78973b24cf3175fee32e"

[[package]]
name = "proc-macro2"
version = "1.0.43"
source = "registry+https://github.com/rust-lang/crates.io-index"
checksum = "0a2ca2c61bc9f3d74d2886294ab7b9853abd9c1ad903a3ac7815c58989bb7bab"
dependencies = [
 "unicode-ident",
]

[[package]]
name = "quote"
version = "1.0.21"
source = "registry+https://github.com/rust-lang/crates.io-index"
checksum = "bbe448f377a7d6961e30f5955f9b8d106c3f5e449d493ee1b125c1d43c2b5179"
dependencies = [
 "proc-macro2",
]

[[package]]
name = "redox_syscall"
version = "0.2.16"
source = "registry+https://github.com/rust-lang/crates.io-index"
checksum = "fb5a58c1855b4b6819d59012155603f0b22ad30cad752600aadfcb695265519a"
dependencies = [
 "bitflags",
]

[[package]]
name = "rmp"
version = "0.8.11"
source = "registry+https://github.com/rust-lang/crates.io-index"
checksum = "44519172358fd6d58656c86ab8e7fbc9e1490c3e8f14d35ed78ca0dd07403c9f"
dependencies = [
 "byteorder",
 "num-traits",
 "paste",
]

[[package]]
name = "rmp-serde"
version = "0.15.5"
source = "registry+https://github.com/rust-lang/crates.io-index"
checksum = "723ecff9ad04f4ad92fe1c8ca6c20d2196d9286e9c60727c4cb5511629260e9d"
dependencies = [
 "byteorder",
 "rmp",
 "serde",
]

[[package]]
name = "ryu"
version = "1.0.11"
source = "registry+https://github.com/rust-lang/crates.io-index"
checksum = "4501abdff3ae82a1c1b477a17252eb69cee9e66eb915c1abaa4f44d873df9f09"

[[package]]
name = "scopeguard"
version = "1.1.0"
source = "registry+https://github.com/rust-lang/crates.io-index"
checksum = "d29ab0c6d3fc0ee92fe66e2d99f700eab17a8d57d1c1d3b748380fb20baa78cd"

[[package]]
name = "serde"
version = "1.0.144"
source = "registry+https://github.com/rust-lang/crates.io-index"
checksum = "0f747710de3dcd43b88c9168773254e809d8ddbdf9653b84e2554ab219f17860"
dependencies = [
 "serde_derive",
]

[[package]]
name = "serde-value"
version = "0.6.0"
source = "registry+https://github.com/rust-lang/crates.io-index"
checksum = "5a65a7291a8a568adcae4c10a677ebcedbc6c9cec91c054dee2ce40b0e3290eb"
dependencies = [
 "ordered-float 1.1.1",
 "serde",
]

[[package]]
name = "serde-value"
version = "0.7.0"
source = "registry+https://github.com/rust-lang/crates.io-index"
checksum = "f3a1a3341211875ef120e117ea7fd5228530ae7e7036a779fdc9117be6b3282c"
dependencies = [
 "ordered-float 2.10.0",
 "serde",
]

[[package]]
name = "serde-value-utils"
version = "0.1.0"
source = "registry+https://github.com/rust-lang/crates.io-index"
checksum = "f5e73304d293464ffe1ad291cb71423a5a6636c1d4aa115bd642db175073ebc9"
dependencies = [
 "serde",
 "serde-value 0.6.0",
]

[[package]]
name = "serde_derive"
version = "1.0.144"
source = "registry+https://github.com/rust-lang/crates.io-index"
checksum = "94ed3a816fb1d101812f83e789f888322c34e291f894f19590dc310963e87a00"
dependencies = [
 "proc-macro2",
 "quote",
 "syn",
]

[[package]]
name = "serde_gelf"
version = "0.1.6"
source = "registry+https://github.com/rust-lang/crates.io-index"
checksum = "3d1f23e502bc16369438224b4ae77351a907ff4c6852fde301f2bb1595aa3a21"
dependencies = [
 "hostname",
 "log",
 "serde",
 "serde-value 0.6.0",
 "serde-value-utils",
 "serde_derive",
 "serde_json",
]

[[package]]
name = "serde_json"
version = "1.0.83"
source = "registry+https://github.com/rust-lang/crates.io-index"
checksum = "38dd04e3c8279e75b31ef29dbdceebfe5ad89f4d0937213c53f7d49d01b3d5a7"
dependencies = [
 "itoa",
 "ryu",
 "serde",
]

[[package]]
name = "serde_qs"
version = "0.8.5"
source = "registry+https://github.com/rust-lang/crates.io-index"
checksum = "c7715380eec75f029a4ef7de39a9200e0a63823176b759d055b613f5a87df6a6"
dependencies = [
 "percent-encoding",
 "serde",
 "thiserror",
]

[[package]]
name = "serde_with"
version = "1.14.0"
source = "registry+https://github.com/rust-lang/crates.io-index"
checksum = "678b5a069e50bf00ecd22d0cd8ddf7c236f68581b03db652061ed5eb13a312ff"
dependencies = [
 "chrono",
 "serde",
 "serde_with_macros",
]

[[package]]
name = "serde_with_macros"
version = "1.5.2"
source = "registry+https://github.com/rust-lang/crates.io-index"
checksum = "e182d6ec6f05393cc0e5ed1bf81ad6db3a8feedf8ee515ecdd369809bcce8082"
dependencies = [
 "darling",
 "proc-macro2",
 "quote",
 "syn",
]

[[package]]
name = "serde_yaml"
version = "0.8.24"
source = "registry+https://github.com/rust-lang/crates.io-index"
checksum = "707d15895415db6628332b737c838b88c598522e4dc70647e59b72312924aebc"
dependencies = [
 "indexmap",
 "ryu",
 "serde",
 "yaml-rust",
]

[[package]]
name = "smallvec"
version = "1.9.0"
source = "registry+https://github.com/rust-lang/crates.io-index"
checksum = "2fd0db749597d91ff862fd1d55ea87f7855a744a8425a64695b6fca237d1dad1"

[[package]]
name = "strsim"
version = "0.10.0"
source = "registry+https://github.com/rust-lang/crates.io-index"
checksum = "73473c0e59e6d5812c5dfe2a064a6444949f089e20eec9a2e5506596494e4623"

[[package]]
name = "syn"
version = "1.0.99"
source = "registry+https://github.com/rust-lang/crates.io-index"
checksum = "58dbef6ec655055e20b86b15a8cc6d439cca19b667537ac6a1369572d151ab13"
dependencies = [
 "proc-macro2",
 "quote",
 "unicode-ident",
]

[[package]]
name = "thiserror"
version = "1.0.32"
source = "registry+https://github.com/rust-lang/crates.io-index"
checksum = "f5f6586b7f764adc0231f4c79be7b920e766bb2f3e51b3661cdb263828f19994"
dependencies = [
 "thiserror-impl",
]

[[package]]
name = "thiserror-impl"
version = "1.0.32"
source = "registry+https://github.com/rust-lang/crates.io-index"
checksum = "12bafc5b54507e0149cdf1b145a5d80ab80a90bcd9275df43d4fff68460f6c21"
dependencies = [
 "proc-macro2",
 "quote",
 "syn",
]

[[package]]
name = "thread-id"
version = "4.0.0"
source = "registry+https://github.com/rust-lang/crates.io-index"
checksum = "5fdfe0627923f7411a43ec9ec9c39c3a9b4151be313e0922042581fb6c9b717f"
dependencies = [
 "libc",
 "redox_syscall",
 "winapi",
]

[[package]]
name = "time"
version = "0.1.44"
source = "registry+https://github.com/rust-lang/crates.io-index"
checksum = "6db9e6914ab8b1ae1c260a4ae7a49b6c5611b40328a735b21862567685e73255"
dependencies = [
 "libc",
 "wasi",
 "winapi",
]

[[package]]
name = "traitobject"
version = "0.1.0"
source = "registry+https://github.com/rust-lang/crates.io-index"
checksum = "efd1f82c56340fdf16f2a953d7bda4f8fdffba13d93b00844c25572110b26079"

[[package]]
name = "typemap"
version = "0.3.3"
source = "registry+https://github.com/rust-lang/crates.io-index"
checksum = "653be63c80a3296da5551e1bfd2cca35227e13cdd08c6668903ae2f4f77aa1f6"
dependencies = [
 "unsafe-any",
]

[[package]]
name = "unicode-ident"
version = "1.0.3"
source = "registry+https://github.com/rust-lang/crates.io-index"
checksum = "c4f5b37a154999a8f3f98cc23a628d850e154479cd94decf3414696e12e31aaf"

[[package]]
name = "unsafe-any"
version = "0.4.2"
source = "registry+https://github.com/rust-lang/crates.io-index"
checksum = "f30360d7979f5e9c6e6cea48af192ea8fab4afb3cf72597154b8f08935bc9c7f"
dependencies = [
 "traitobject",
]

[[package]]
name = "wasi"
version = "0.10.0+wasi-snapshot-preview1"
source = "registry+https://github.com/rust-lang/crates.io-index"
checksum = "1a143597ca7c7793eff794def352d41792a93c481eb1042423ff7ff72ba2c31f"

[[package]]
name = "wasm-bindgen"
version = "0.2.82"
source = "registry+https://github.com/rust-lang/crates.io-index"
checksum = "fc7652e3f6c4706c8d9cd54832c4a4ccb9b5336e2c3bd154d5cccfbf1c1f5f7d"
dependencies = [
 "cfg-if",
 "wasm-bindgen-macro",
]

[[package]]
name = "wasm-bindgen-backend"
version = "0.2.82"
source = "registry+https://github.com/rust-lang/crates.io-index"
checksum = "662cd44805586bd52971b9586b1df85cdbbd9112e4ef4d8f41559c334dc6ac3f"
dependencies = [
 "bumpalo",
 "log",
 "once_cell",
 "proc-macro2",
 "quote",
 "syn",
 "wasm-bindgen-shared",
]

[[package]]
name = "wasm-bindgen-macro"
version = "0.2.82"
source = "registry+https://github.com/rust-lang/crates.io-index"
checksum = "b260f13d3012071dfb1512849c033b1925038373aea48ced3012c09df952c602"
dependencies = [
 "quote",
 "wasm-bindgen-macro-support",
]

[[package]]
name = "wasm-bindgen-macro-support"
version = "0.2.82"
source = "registry+https://github.com/rust-lang/crates.io-index"
checksum = "5be8e654bdd9b79216c2929ab90721aa82faf65c48cdf08bdc4e7f51357b80da"
dependencies = [
 "proc-macro2",
 "quote",
 "syn",
 "wasm-bindgen-backend",
 "wasm-bindgen-shared",
]

[[package]]
name = "wasm-bindgen-shared"
version = "0.2.82"
source = "registry+https://github.com/rust-lang/crates.io-index"
checksum = "6598dd0bd3c7d51095ff6531a5b23e02acdc81804e30d8f07afb77b7215a140a"

[[package]]
name = "winapi"
version = "0.3.9"
source = "registry+https://github.com/rust-lang/crates.io-index"
checksum = "5c839a674fcd7a98952e593242ea400abe93992746761e38641405d28b00f419"
dependencies = [
 "winapi-i686-pc-windows-gnu",
 "winapi-x86_64-pc-windows-gnu",
]

[[package]]
name = "winapi-i686-pc-windows-gnu"
version = "0.4.0"
source = "registry+https://github.com/rust-lang/crates.io-index"
checksum = "ac3b87c63620426dd9b991e5ce0329eff545bccbbb34f3be09ff6fb6ab51b7b6"

[[package]]
name = "winapi-x86_64-pc-windows-gnu"
version = "0.4.0"
source = "registry+https://github.com/rust-lang/crates.io-index"
checksum = "712e227841d057c1ee1cd2fb22fa7e5a5461ae8e48fa2ca79ec42cfc1931183f"

[[package]]
name = "windows-sys"
version = "0.36.1"
source = "registry+https://github.com/rust-lang/crates.io-index"
checksum = "ea04155a16a59f9eab786fe12a4a450e75cdb175f9e0d80da1e17db09f55b8d2"
dependencies = [
 "windows_aarch64_msvc",
 "windows_i686_gnu",
 "windows_i686_msvc",
 "windows_x86_64_gnu",
 "windows_x86_64_msvc",
]

[[package]]
name = "windows_aarch64_msvc"
version = "0.36.1"
source = "registry+https://github.com/rust-lang/crates.io-index"
checksum = "9bb8c3fd39ade2d67e9874ac4f3db21f0d710bee00fe7cab16949ec184eeaa47"

[[package]]
name = "windows_i686_gnu"
version = "0.36.1"
source = "registry+https://github.com/rust-lang/crates.io-index"
checksum = "180e6ccf01daf4c426b846dfc66db1fc518f074baa793aa7d9b9aaeffad6a3b6"

[[package]]
name = "windows_i686_msvc"
version = "0.36.1"
source = "registry+https://github.com/rust-lang/crates.io-index"
checksum = "e2e7917148b2812d1eeafaeb22a97e4813dfa60a3f8f78ebe204bcc88f12f024"

[[package]]
name = "windows_x86_64_gnu"
version = "0.36.1"
source = "registry+https://github.com/rust-lang/crates.io-index"
checksum = "4dcd171b8776c41b97521e5da127a2d86ad280114807d0b2ab1e462bc764d9e1"

[[package]]
name = "windows_x86_64_msvc"
version = "0.36.1"
source = "registry+https://github.com/rust-lang/crates.io-index"
checksum = "c811ca4a8c853ef420abd8592ba53ddbbac90410fab6903b3e79972a631f7680"

[[package]]
name = "winutil"
version = "0.1.1"
source = "registry+https://github.com/rust-lang/crates.io-index"
checksum = "7daf138b6b14196e3830a588acf1e86966c694d3e8fb026fb105b8b5dca07e6e"
dependencies = [
 "winapi",
]

[[package]]
name = "yaml-rust"
version = "0.4.5"
source = "registry+https://github.com/rust-lang/crates.io-index"
checksum = "56c1936c4cc7a1c9ab21a1ebb602eb942ba868cbd44a99cb7cdc5892335e1c85"
dependencies = [
 "linked-hash-map",
]
